
Microsoft Visual Studio Solution File, Format Version 12.00
# Visual Studio Version 16
VisualStudioVersion = 16.0.29926.136
MinimumVisualStudioVersion = 10.0.40219.1
Project("{9A19103F-16F7-4668-BE54-9A1E7A4F7556}") = "Data", "Airport\Data.csproj", "{95452CED-D9DE-43EF-BFD1-F2FD5F3D27BC}"
EndProject
Project("{9A19103F-16F7-4668-BE54-9A1E7A4F7556}") = "Facade", "Facade\Facade.csproj", "{0B302D06-771C-43A5-99FF-33DCBBF8BD54}"
EndProject
Project("{9A19103F-16F7-4668-BE54-9A1E7A4F7556}") = "Infra", "Infra\Infra.csproj", "{A1C0FAC1-8C59-4F67-9747-0E9046865C3B}"
EndProject
Project("{9A19103F-16F7-4668-BE54-9A1E7A4F7556}") = "Domain", "Domain\Domain.csproj", "{17C93A40-E2DD-4E5B-A256-01B100AD83C3}"
EndProject
Project("{9A19103F-16F7-4668-BE54-9A1E7A4F7556}") = "Soft", "Soft\Soft.csproj", "{C36B8AAA-94E4-40DF-808D-D2EEE9044DCD}"
EndProject
Project("{9A19103F-16F7-4668-BE54-9A1E7A4F7556}") = "Aids", "Aids\Aids.csproj", "{90561106-E19F-458B-B311-C80828420585}"
EndProject
Project("{9A19103F-16F7-4668-BE54-9A1E7A4F7556}") = "Pages", "Pages\Pages.csproj", "{ED854EF6-40CF-4262-8BE0-7ACCB0755662}"
EndProject
Project("{9A19103F-16F7-4668-BE54-9A1E7A4F7556}") = "Tests", "Tests\Tests.csproj", "{D9FCD6BF-AEE0-4E80-A059-5CA01E6B82D7}"
EndProject
Global
	GlobalSection(SolutionConfigurationPlatforms) = preSolution
		Debug|Any CPU = Debug|Any CPU
		Release|Any CPU = Release|Any CPU
	EndGlobalSection
	GlobalSection(ProjectConfigurationPlatforms) = postSolution
		{95452CED-D9DE-43EF-BFD1-F2FD5F3D27BC}.Debug|Any CPU.ActiveCfg = Debug|Any CPU
		{95452CED-D9DE-43EF-BFD1-F2FD5F3D27BC}.Debug|Any CPU.Build.0 = Debug|Any CPU
		{95452CED-D9DE-43EF-BFD1-F2FD5F3D27BC}.Release|Any CPU.ActiveCfg = Release|Any CPU
		{95452CED-D9DE-43EF-BFD1-F2FD5F3D27BC}.Release|Any CPU.Build.0 = Release|Any CPU
		{0B302D06-771C-43A5-99FF-33DCBBF8BD54}.Debug|Any CPU.ActiveCfg = Debug|Any CPU
		{0B302D06-771C-43A5-99FF-33DCBBF8BD54}.Debug|Any CPU.Build.0 = Debug|Any CPU
		{0B302D06-771C-43A5-99FF-33DCBBF8BD54}.Release|Any CPU.ActiveCfg = Release|Any CPU
		{0B302D06-771C-43A5-99FF-33DCBBF8BD54}.Release|Any CPU.Build.0 = Release|Any CPU
		{A1C0FAC1-8C59-4F67-9747-0E9046865C3B}.Debug|Any CPU.ActiveCfg = Debug|Any CPU
		{A1C0FAC1-8C59-4F67-9747-0E9046865C3B}.Debug|Any CPU.Build.0 = Debug|Any CPU
		{A1C0FAC1-8C59-4F67-9747-0E9046865C3B}.Release|Any CPU.ActiveCfg = Release|Any CPU
		{A1C0FAC1-8C59-4F67-9747-0E9046865C3B}.Release|Any CPU.Build.0 = Release|Any CPU
		{17C93A40-E2DD-4E5B-A256-01B100AD83C3}.Debug|Any CPU.ActiveCfg = Debug|Any CPU
		{17C93A40-E2DD-4E5B-A256-01B100AD83C3}.Debug|Any CPU.Build.0 = Debug|Any CPU
		{17C93A40-E2DD-4E5B-A256-01B100AD83C3}.Release|Any CPU.ActiveCfg = Release|Any CPU
		{17C93A40-E2DD-4E5B-A256-01B100AD83C3}.Release|Any CPU.Build.0 = Release|Any CPU
		{C36B8AAA-94E4-40DF-808D-D2EEE9044DCD}.Debug|Any CPU.ActiveCfg = Debug|Any CPU
		{C36B8AAA-94E4-40DF-808D-D2EEE9044DCD}.Debug|Any CPU.Build.0 = Debug|Any CPU
		{C36B8AAA-94E4-40DF-808D-D2EEE9044DCD}.Release|Any CPU.ActiveCfg = Release|Any CPU
		{C36B8AAA-94E4-40DF-808D-D2EEE9044DCD}.Release|Any CPU.Build.0 = Release|Any CPU
		{90561106-E19F-458B-B311-C80828420585}.Debug|Any CPU.ActiveCfg = Debug|Any CPU
		{90561106-E19F-458B-B311-C80828420585}.Debug|Any CPU.Build.0 = Debug|Any CPU
		{90561106-E19F-458B-B311-C80828420585}.Release|Any CPU.ActiveCfg = Release|Any CPU
		{90561106-E19F-458B-B311-C80828420585}.Release|Any CPU.Build.0 = Release|Any CPU
		{ED854EF6-40CF-4262-8BE0-7ACCB0755662}.Debug|Any CPU.ActiveCfg = Debug|Any CPU
		{ED854EF6-40CF-4262-8BE0-7ACCB0755662}.Debug|Any CPU.Build.0 = Debug|Any CPU
		{ED854EF6-40CF-4262-8BE0-7ACCB0755662}.Release|Any CPU.ActiveCfg = Release|Any CPU
		{ED854EF6-40CF-4262-8BE0-7ACCB0755662}.Release|Any CPU.Build.0 = Release|Any CPU
		{D9FCD6BF-AEE0-4E80-A059-5CA01E6B82D7}.Debug|Any CPU.ActiveCfg = Debug|Any CPU
		{D9FCD6BF-AEE0-4E80-A059-5CA01E6B82D7}.Debug|Any CPU.Build.0 = Debug|Any CPU
		{D9FCD6BF-AEE0-4E80-A059-5CA01E6B82D7}.Release|Any CPU.ActiveCfg = Release|Any CPU
		{D9FCD6BF-AEE0-4E80-A059-5CA01E6B82D7}.Release|Any CPU.Build.0 = Release|Any CPU
	EndGlobalSection
	GlobalSection(SolutionProperties) = preSolution
		HideSolutionNode = FALSE
	EndGlobalSection
	GlobalSection(ExtensibilityGlobals) = postSolution
		SolutionGuid = {EC67E7EB-4E18-43BC-8961-992EA43B1845}
	EndGlobalSection
EndGlobal
